// !$*UTF8*$!
{
	archiveVersion = 1;
	classes = {
	};
	objectVersion = 50;
	objects = {

/* Begin PBXBuildFile section */
		3F33AE5B283548BD00EFBEC0 /* Fidget_spinner_final_projectApp.swift in Sources */ = {isa = PBXBuildFile; fileRef = 3F33AE5A283548BD00EFBEC0 /* Fidget_spinner_final_projectApp.swift */; };
		3F33AE5D283548BD00EFBEC0 /* ContentView.swift in Sources */ = {isa = PBXBuildFile; fileRef = 3F33AE5C283548BD00EFBEC0 /* ContentView.swift */; };
		3F33AE5F283548C500EFBEC0 /* Assets.xcassets in Resources */ = {isa = PBXBuildFile; fileRef = 3F33AE5E283548C500EFBEC0 /* Assets.xcassets */; };
		3F33AE62283548C500EFBEC0 /* Preview Assets.xcassets in Resources */ = {isa = PBXBuildFile; fileRef = 3F33AE61283548C500EFBEC0 /* Preview Assets.xcassets */; };
		3F33AE6D283548C600EFBEC0 /* Fidget_spinner_final_projectTests.swift in Sources */ = {isa = PBXBuildFile; fileRef = 3F33AE6C283548C600EFBEC0 /* Fidget_spinner_final_projectTests.swift */; };
		3F33AE78283548C600EFBEC0 /* Fidget_spinner_final_projectUITests.swift in Sources */ = {isa = PBXBuildFile; fileRef = 3F33AE77283548C600EFBEC0 /* Fidget_spinner_final_projectUITests.swift */; };
/* End PBXBuildFile section */

/* Begin PBXContainerItemProxy section */
		3F33AE69283548C600EFBEC0 /* PBXContainerItemProxy */ = {
			isa = PBXContainerItemProxy;
			containerPortal = 3F33AE4F283548BD00EFBEC0 /* Project object */;
			proxyType = 1;
			remoteGlobalIDString = 3F33AE56283548BD00EFBEC0;
			remoteInfo = "Fidget spinner final project";
		};
		3F33AE74283548C600EFBEC0 /* PBXContainerItemProxy */ = {
			isa = PBXContainerItemProxy;
			containerPortal = 3F33AE4F283548BD00EFBEC0 /* Project object */;
			proxyType = 1;
			remoteGlobalIDString = 3F33AE56283548BD00EFBEC0;
			remoteInfo = "Fidget spinner final project";
		};
/* End PBXContainerItemProxy section */

/* Begin PBXFileReference section */
		3F33AE57283548BD00EFBEC0 /* Fidget spinner final project.app */ = {isa = PBXFileReference; explicitFileType = wrapper.application; includeInIndex = 0; path = "Fidget spinner final project.app"; sourceTree = BUILT_PRODUCTS_DIR; };
		3F33AE5A283548BD00EFBEC0 /* Fidget_spinner_final_projectApp.swift */ = {isa = PBXFileReference; lastKnownFileType = sourcecode.swift; path = Fidget_spinner_final_projectApp.swift; sourceTree = "<group>"; };
		3F33AE5C283548BD00EFBEC0 /* ContentView.swift */ = {isa = PBXFileReference; lastKnownFileType = sourcecode.swift; path = ContentView.swift; sourceTree = "<group>"; };
		3F33AE5E283548C500EFBEC0 /* Assets.xcassets */ = {isa = PBXFileReference; lastKnownFileType = folder.assetcatalog; path = Assets.xcassets; sourceTree = "<group>"; };
		3F33AE61283548C500EFBEC0 /* Preview Assets.xcassets */ = {isa = PBXFileReference; lastKnownFileType = folder.assetcatalog; path = "Preview Assets.xcassets"; sourceTree = "<group>"; };
		3F33AE63283548C500EFBEC0 /* Info.plist */ = {isa = PBXFileReference; lastKnownFileType = text.plist.xml; path = Info.plist; sourceTree = "<group>"; };
		3F33AE68283548C600EFBEC0 /* Fidget spinner final projectTests.xctest */ = {isa = PBXFileReference; explicitFileType = wrapper.cfbundle; includeInIndex = 0; path = "Fidget spinner final projectTests.xctest"; sourceTree = BUILT_PRODUCTS_DIR; };
		3F33AE6C283548C600EFBEC0 /* Fidget_spinner_final_projectTests.swift */ = {isa = PBXFileReference; lastKnownFileType = sourcecode.swift; path = Fidget_spinner_final_projectTests.swift; sourceTree = "<group>"; };
		3F33AE6E283548C600EFBEC0 /* Info.plist */ = {isa = PBXFileReference; lastKnownFileType = text.plist.xml; path = Info.plist; sourceTree = "<group>"; };
		3F33AE73283548C600EFBEC0 /* Fidget spinner final projectUITests.xctest */ = {isa = PBXFileReference; explicitFileType = wrapper.cfbundle; includeInIndex = 0; path = "Fidget spinner final projectUITests.xctest"; sourceTree = BUILT_PRODUCTS_DIR; };
		3F33AE77283548C600EFBEC0 /* Fidget_spinner_final_projectUITests.swift */ = {isa = PBXFileReference; lastKnownFileType = sourcecode.swift; path = Fidget_spinner_final_projectUITests.swift; sourceTree = "<group>"; };
		3F33AE79283548C600EFBEC0 /* Info.plist */ = {isa = PBXFileReference; lastKnownFileType = text.plist.xml; path = Info.plist; sourceTree = "<group>"; };
/* End PBXFileReference section */

/* Begin PBXFrameworksBuildPhase section */
		3F33AE54283548BD00EFBEC0 /* Frameworks */ = {
			isa = PBXFrameworksBuildPhase;
			buildActionMask = 2147483647;
			files = (
			);
			runOnlyForDeploymentPostprocessing = 0;
		};
		3F33AE65283548C600EFBEC0 /* Frameworks */ = {
			isa = PBXFrameworksBuildPhase;
			buildActionMask = 2147483647;
			files = (
			);
			runOnlyForDeploymentPostprocessing = 0;
		};
		3F33AE70283548C600EFBEC0 /* Frameworks */ = {
			isa = PBXFrameworksBuildPhase;
			buildActionMask = 2147483647;
			files = (
			);
			runOnlyForDeploymentPostprocessing = 0;
		};
/* End PBXFrameworksBuildPhase section */

/* Begin PBXGroup section */
		3F33AE4E283548BD00EFBEC0 = {
			isa = PBXGroup;
			children = (
				3F33AE59283548BD00EFBEC0 /* Fidget spinner final project */,
				3F33AE6B283548C600EFBEC0 /* Fidget spinner final projectTests */,
				3F33AE76283548C600EFBEC0 /* Fidget spinner final projectUITests */,
				3F33AE58283548BD00EFBEC0 /* Products */,
			);
			sourceTree = "<group>";
		};
		3F33AE58283548BD00EFBEC0 /* Products */ = {
			isa = PBXGroup;
			children = (
				3F33AE57283548BD00EFBEC0 /* Fidget spinner final project.app */,
				3F33AE68283548C600EFBEC0 /* Fidget spinner final projectTests.xctest */,
				3F33AE73283548C600EFBEC0 /* Fidget spinner final projectUITests.xctest */,
			);
			name = Products;
			sourceTree = "<group>";
		};
		3F33AE59283548BD00EFBEC0 /* Fidget spinner final project */ = {
			isa = PBXGroup;
			children = (
				3F33AE5A283548BD00EFBEC0 /* Fidget_spinner_final_projectApp.swift */,
				3F33AE5C283548BD00EFBEC0 /* ContentView.swift */,
				3F33AE5E283548C500EFBEC0 /* Assets.xcassets */,
				3F33AE63283548C500EFBEC0 /* Info.plist */,
				3F33AE60283548C500EFBEC0 /* Preview Content */,
			);
			path = "Fidget spinner final project";
			sourceTree = "<group>";
		};
		3F33AE60283548C500EFBEC0 /* Preview Content */ = {
			isa = PBXGroup;
			children = (
				3F33AE61283548C500EFBEC0 /* Preview Assets.xcassets */,
			);
			path = "Preview Content";
			sourceTree = "<group>";
		};
		3F33AE6B283548C600EFBEC0 /* Fidget spinner final projectTests */ = {
			isa = PBXGroup;
			children = (
				3F33AE6C283548C600EFBEC0 /* Fidget_spinner_final_projectTests.swift */,
				3F33AE6E283548C600EFBEC0 /* Info.plist */,
			);
			path = "Fidget spinner final projectTests";
			sourceTree = "<group>";
		};
		3F33AE76283548C600EFBEC0 /* Fidget spinner final projectUITests */ = {
			isa = PBXGroup;
			children = (
				3F33AE77283548C600EFBEC0 /* Fidget_spinner_final_projectUITests.swift */,
				3F33AE79283548C600EFBEC0 /* Info.plist */,
			);
			path = "Fidget spinner final projectUITests";
			sourceTree = "<group>";
		};
/* End PBXGroup section */

/* Begin PBXNativeTarget section */
		3F33AE56283548BD00EFBEC0 /* Fidget spinner final project */ = {
			isa = PBXNativeTarget;
			buildConfigurationList = 3F33AE7C283548C600EFBEC0 /* Build configuration list for PBXNativeTarget "Fidget spinner final project" */;
			buildPhases = (
				3F33AE53283548BD00EFBEC0 /* Sources */,
				3F33AE54283548BD00EFBEC0 /* Frameworks */,
				3F33AE55283548BD00EFBEC0 /* Resources */,
			);
			buildRules = (
			);
			dependencies = (
			);
			name = "Fidget spinner final project";
			productName = "Fidget spinner final project";
			productReference = 3F33AE57283548BD00EFBEC0 /* Fidget spinner final project.app */;
			productType = "com.apple.product-type.application";
		};
		3F33AE67283548C600EFBEC0 /* Fidget spinner final projectTests */ = {
			isa = PBXNativeTarget;
			buildConfigurationList = 3F33AE7F283548C600EFBEC0 /* Build configuration list for PBXNativeTarget "Fidget spinner final projectTests" */;
			buildPhases = (
				3F33AE64283548C600EFBEC0 /* Sources */,
				3F33AE65283548C600EFBEC0 /* Frameworks */,
				3F33AE66283548C600EFBEC0 /* Resources */,
			);
			buildRules = (
			);
			dependencies = (
				3F33AE6A283548C600EFBEC0 /* PBXTargetDependency */,
			);
			name = "Fidget spinner final projectTests";
			productName = "Fidget spinner final projectTests";
			productReference = 3F33AE68283548C600EFBEC0 /* Fidget spinner final projectTests.xctest */;
			productType = "com.apple.product-type.bundle.unit-test";
		};
		3F33AE72283548C600EFBEC0 /* Fidget spinner final projectUITests */ = {
			isa = PBXNativeTarget;
			buildConfigurationList = 3F33AE82283548C600EFBEC0 /* Build configuration list for PBXNativeTarget "Fidget spinner final projectUITests" */;
			buildPhases = (
				3F33AE6F283548C600EFBEC0 /* Sources */,
				3F33AE70283548C600EFBEC0 /* Frameworks */,
				3F33AE71283548C600EFBEC0 /* Resources */,
			);
			buildRules = (
			);
			dependencies = (
				3F33AE75283548C600EFBEC0 /* PBXTargetDependency */,
			);
			name = "Fidget spinner final projectUITests";
			productName = "Fidget spinner final projectUITests";
			productReference = 3F33AE73283548C600EFBEC0 /* Fidget spinner final projectUITests.xctest */;
			productType = "com.apple.product-type.bundle.ui-testing";
		};
/* End PBXNativeTarget section */

/* Begin PBXProject section */
		3F33AE4F283548BD00EFBEC0 /* Project object */ = {
			isa = PBXProject;
			attributes = {
				LastSwiftUpdateCheck = 1250;
				LastUpgradeCheck = 1250;
				TargetAttributes = {
					3F33AE56283548BD00EFBEC0 = {
						CreatedOnToolsVersion = 12.5.1;
					};
					3F33AE67283548C600EFBEC0 = {
						CreatedOnToolsVersion = 12.5.1;
						TestTargetID = 3F33AE56283548BD00EFBEC0;
					};
					3F33AE72283548C600EFBEC0 = {
						CreatedOnToolsVersion = 12.5.1;
						TestTargetID = 3F33AE56283548BD00EFBEC0;
					};
				};
			};
			buildConfigurationList = 3F33AE52283548BD00EFBEC0 /* Build configuration list for PBXProject "Fidget spinner final project" */;
			compatibilityVersion = "Xcode 9.3";
			developmentRegion = en;
			hasScannedForEncodings = 0;
			knownRegions = (
				en,
				Base,
			);
			mainGroup = 3F33AE4E283548BD00EFBEC0;
			productRefGroup = 3F33AE58283548BD00EFBEC0 /* Products */;
			projectDirPath = "";
			projectRoot = "";
			targets = (
				3F33AE56283548BD00EFBEC0 /* Fidget spinner final project */,
				3F33AE67283548C600EFBEC0 /* Fidget spinner final projectTests */,
				3F33AE72283548C600EFBEC0 /* Fidget spinner final projectUITests */,
			);
		};
/* End PBXProject section */

/* Begin PBXResourcesBuildPhase section */
		3F33AE55283548BD00EFBEC0 /* Resources */ = {
			isa = PBXResourcesBuildPhase;
			buildActionMask = 2147483647;
			files = (
				3F33AE62283548C500EFBEC0 /* Preview Assets.xcassets in Resources */,
				3F33AE5F283548C500EFBEC0 /* Assets.xcassets in Resources */,
			);
			runOnlyForDeploymentPostprocessing = 0;
		};
		3F33AE66283548C600EFBEC0 /* Resources */ = {
			isa = PBXResourcesBuildPhase;
			buildActionMask = 2147483647;
			files = (
			);
			runOnlyForDeploymentPostprocessing = 0;
		};
		3F33AE71283548C600EFBEC0 /* Resources */ = {
			isa = PBXResourcesBuildPhase;
			buildActionMask = 2147483647;
			files = (
			);
			runOnlyForDeploymentPostprocessing = 0;
		};
/* End PBXResourcesBuildPhase section */

/* Begin PBXSourcesBuildPhase section */
		3F33AE53283548BD00EFBEC0 /* Sources */ = {
			isa = PBXSourcesBuildPhase;
			buildActionMask = 2147483647;
			files = (
				3F33AE5D283548BD00EFBEC0 /* ContentView.swift in Sources */,
				3F33AE5B283548BD00EFBEC0 /* Fidget_spinner_final_projectApp.swift in Sources */,
			);
			runOnlyForDeploymentPostprocessing = 0;
		};
		3F33AE64283548C600EFBEC0 /* Sources */ = {
			isa = PBXSourcesBuildPhase;
			buildActionMask = 2147483647;
			files = (
				3F33AE6D283548C600EFBEC0 /* Fidget_spinner_final_projectTests.swift in Sources */,
			);
			runOnlyForDeploymentPostprocessing = 0;
		};
		3F33AE6F283548C600EFBEC0 /* Sources */ = {
			isa = PBXSourcesBuildPhase;
			buildActionMask = 2147483647;
			files = (
				3F33AE78283548C600EFBEC0 /* Fidget_spinner_final_projectUITests.swift in Sources */,
			);
			runOnlyForDeploymentPostprocessing = 0;
		};
/* End PBXSourcesBuildPhase section */

/* Begin PBXTargetDependency section */
		3F33AE6A283548C600EFBEC0 /* PBXTargetDependency */ = {
			isa = PBXTargetDependency;
			target = 3F33AE56283548BD00EFBEC0 /* Fidget spinner final project */;
			targetProxy = 3F33AE69283548C600EFBEC0 /* PBXContainerItemProxy */;
		};
		3F33AE75283548C600EFBEC0 /* PBXTargetDependency */ = {
			isa = PBXTargetDependency;
			target = 3F33AE56283548BD00EFBEC0 /* Fidget spinner final project */;
			targetProxy = 3F33AE74283548C600EFBEC0 /* PBXContainerItemProxy */;
		};
/* End PBXTargetDependency section */

/* Begin XCBuildConfiguration section */
		3F33AE7A283548C600EFBEC0 /* Debug */ = {
			isa = XCBuildConfiguration;
			buildSettings = {
				ALWAYS_SEARCH_USER_PATHS = NO;
				CLANG_ANALYZER_NONNULL = YES;
				CLANG_ANALYZER_NUMBER_OBJECT_CONVERSION = YES_AGGRESSIVE;
				CLANG_CXX_LANGUAGE_STANDARD = "gnu++14";
				CLANG_CXX_LIBRARY = "libc++";
				CLANG_ENABLE_MODULES = YES;
				CLANG_ENABLE_OBJC_ARC = YES;
				CLANG_ENABLE_OBJC_WEAK = YES;
				CLANG_WARN_BLOCK_CAPTURE_AUTORELEASING = YES;
				CLANG_WARN_BOOL_CONVERSION = YES;
				CLANG_WARN_COMMA = YES;
				CLANG_WARN_CONSTANT_CONVERSION = YES;
				CLANG_WARN_DEPRECATED_OBJC_IMPLEMENTATIONS = YES;
				CLANG_WARN_DIRECT_OBJC_ISA_USAGE = YES_ERROR;
				CLANG_WARN_DOCUMENTATION_COMMENTS = YES;
				CLANG_WARN_EMPTY_BODY = YES;
				CLANG_WARN_ENUM_CONVERSION = YES;
				CLANG_WARN_INFINITE_RECURSION = YES;
				CLANG_WARN_INT_CONVERSION = YES;
				CLANG_WARN_NON_LITERAL_NULL_CONVERSION = YES;
				CLANG_WARN_OBJC_IMPLICIT_RETAIN_SELF = YES;
				CLANG_WARN_OBJC_LITERAL_CONVERSION = YES;
				CLANG_WARN_OBJC_ROOT_CLASS = YES_ERROR;
				CLANG_WARN_QUOTED_INCLUDE_IN_FRAMEWORK_HEADER = YES;
				CLANG_WARN_RANGE_LOOP_ANALYSIS = YES;
				CLANG_WARN_STRICT_PROTOTYPES = YES;
				CLANG_WARN_SUSPICIOUS_MOVE = YES;
				CLANG_WARN_UNGUARDED_AVAILABILITY = YES_AGGRESSIVE;
				CLANG_WARN_UNREACHABLE_CODE = YES;
				CLANG_WARN__DUPLICATE_METHOD_MATCH = YES;
				COPY_PHASE_STRIP = NO;
				DEBUG_INFORMATION_FORMAT = dwarf;
				ENABLE_STRICT_OBJC_MSGSEND = YES;
				ENABLE_TESTABILITY = YES;
				GCC_C_LANGUAGE_STANDARD = gnu11;
				GCC_DYNAMIC_NO_PIC = NO;
				GCC_NO_COMMON_BLOCKS = YES;
				GCC_OPTIMIZATION_LEVEL = 0;
				GCC_PREPROCESSOR_DEFINITIONS = (
					"DEBUG=1",
					"$(inherited)",
				);
				GCC_WARN_64_TO_32_BIT_CONVERSION = YES;
				GCC_WARN_ABOUT_RETURN_TYPE = YES_ERROR;
				GCC_WARN_UNDECLARED_SELECTOR = YES;
				GCC_WARN_UNINITIALIZED_AUTOS = YES_AGGRESSIVE;
				GCC_WARN_UNUSED_FUNCTION = YES;
				GCC_WARN_UNUSED_VARIABLE = YES;
				IPHONEOS_DEPLOYMENT_TARGET = 14.5;
				MTL_ENABLE_DEBUG_INFO = INCLUDE_SOURCE;
				MTL_FAST_MATH = YES;
				ONLY_ACTIVE_ARCH = YES;
				SDKROOT = iphoneos;
				SWIFT_ACTIVE_COMPILATION_CONDITIONS = DEBUG;
				SWIFT_OPTIMIZATION_LEVEL = "-Onone";
			};
			name = Debug;
		};
		3F33AE7B283548C600EFBEC0 /* Release */ = {
			isa = XCBuildConfiguration;
			buildSettings = {
				ALWAYS_SEARCH_USER_PATHS = NO;
				CLANG_ANALYZER_NONNULL = YES;
				CLANG_ANALYZER_NUMBER_OBJECT_CONVERSION = YES_AGGRESSIVE;
				CLANG_CXX_LANGUAGE_STANDARD = "gnu++14";
				CLANG_CXX_LIBRARY = "libc++";
				CLANG_ENABLE_MODULES = YES;
				CLANG_ENABLE_OBJC_ARC = YES;
				CLANG_ENABLE_OBJC_WEAK = YES;
				CLANG_WARN_BLOCK_CAPTURE_AUTORELEASING = YES;
				CLANG_WARN_BOOL_CONVERSION = YES;
				CLANG_WARN_COMMA = YES;
				CLANG_WARN_CONSTANT_CONVERSION = YES;
				CLANG_WARN_DEPRECATED_OBJC_IMPLEMENTATIONS = YES;
				CLANG_WARN_DIRECT_OBJC_ISA_USAGE = YES_ERROR;
				CLANG_WARN_DOCUMENTATION_COMMENTS = YES;
				CLANG_WARN_EMPTY_BODY = YES;
				CLANG_WARN_ENUM_CONVERSION = YES;
				CLANG_WARN_INFINITE_RECURSION = YES;
				CLANG_WARN_INT_CONVERSION = YES;
				CLANG_WARN_NON_LITERAL_NULL_CONVERSION = YES;
				CLANG_WARN_OBJC_IMPLICIT_RETAIN_SELF = YES;
				CLANG_WARN_OBJC_LITERAL_CONVERSION = YES;
				CLANG_WARN_OBJC_ROOT_CLASS = YES_ERROR;
				CLANG_WARN_QUOTED_INCLUDE_IN_FRAMEWORK_HEADER = YES;
				CLANG_WARN_RANGE_LOOP_ANALYSIS = YES;
				CLANG_WARN_STRICT_PROTOTYPES = YES;
				CLANG_WARN_SUSPICIOUS_MOVE = YES;
				CLANG_WARN_UNGUARDED_AVAILABILITY = YES_AGGRESSIVE;
				CLANG_WARN_UNREACHABLE_CODE = YES;
				CLANG_WARN__DUPLICATE_METHOD_MATCH = YES;
				COPY_PHASE_STRIP = NO;
				DEBUG_INFORMATION_FORMAT = "dwarf-with-dsym";
				ENABLE_NS_ASSERTIONS = NO;
				ENABLE_STRICT_OBJC_MSGSEND = YES;
				GCC_C_LANGUAGE_STANDARD = gnu11;
				GCC_NO_COMMON_BLOCKS = YES;
				GCC_WARN_64_TO_32_BIT_CONVERSION = YES;
				GCC_WARN_ABOUT_RETURN_TYPE = YES_ERROR;
				GCC_WARN_UNDECLARED_SELECTOR = YES;
				GCC_WARN_UNINITIALIZED_AUTOS = YES_AGGRESSIVE;
				GCC_WARN_UNUSED_FUNCTION = YES;
				GCC_WARN_UNUSED_VARIABLE = YES;
				IPHONEOS_DEPLOYMENT_TARGET = 14.5;
				MTL_ENABLE_DEBUG_INFO = NO;
				MTL_FAST_MATH = YES;
				SDKROOT = iphoneos;
				SWIFT_COMPILATION_MODE = wholemodule;
				SWIFT_OPTIMIZATION_LEVEL = "-O";
				VALIDATE_PRODUCT = YES;
			};
			name = Release;
		};
		3F33AE7D283548C600EFBEC0 /* Debug */ = {
			isa = XCBuildConfiguration;
			buildSettings = {
				ASSETCATALOG_COMPILER_APPICON_NAME = AppIcon;
				ASSETCATALOG_COMPILER_GLOBAL_ACCENT_COLOR_NAME = AccentColor;
				CODE_SIGN_STYLE = Automatic;
				DEVELOPMENT_ASSET_PATHS = "\"Fidget spinner final project/Preview Content\"";
				ENABLE_PREVIEWS = YES;
				INFOPLIST_FILE = "Fidget spinner final project/Info.plist";
				IPHONEOS_DEPLOYMENT_TARGET = 14.0;
				LD_RUNPATH_SEARCH_PATHS = (
					"$(inherited)",
					"@executable_path/Frameworks",
				);
				PRODUCT_BUNDLE_IDENTIFIER = "AEY.Fidget-spinner-final-project";
				PRODUCT_NAME = "$(TARGET_NAME)";
				SWIFT_VERSION = 5.0;
				TARGETED_DEVICE_FAMILY = "1,2";
			};
			name = Debug;
		};
		3F33AE7E283548C600EFBEC0 /* Release */ = {
			isa = XCBuildConfiguration;
			buildSettings = {
				ASSETCATALOG_COMPILER_APPICON_NAME = AppIcon;
				ASSETCATALOG_COMPILER_GLOBAL_ACCENT_COLOR_NAME = AccentColor;
				CODE_SIGN_STYLE = Automatic;
				DEVELOPMENT_ASSET_PATHS = "\"Fidget spinner final project/Preview Content\"";
				ENABLE_PREVIEWS = YES;
				INFOPLIST_FILE = "Fidget spinner final project/Info.plist";
				IPHONEOS_DEPLOYMENT_TARGET = 14.0;
				LD_RUNPATH_SEARCH_PATHS = (
					"$(inherited)",
					"@executable_path/Frameworks",
				);
				PRODUCT_BUNDLE_IDENTIFIER = "AEY.Fidget-spinner-final-project";
				PRODUCT_NAME = "$(TARGET_NAME)";
				SWIFT_VERSION = 5.0;
				TARGETED_DEVICE_FAMILY = "1,2";
			};
			name = Release;
		};
		3F33AE80283548C600EFBEC0 /* Debug */ = {
			isa = XCBuildConfiguration;
			buildSettings = {
				ALWAYS_EMBED_SWIFT_STANDARD_LIBRARIES = YES;
				BUNDLE_LOADER = "$(TEST_HOST)";
				CODE_SIGN_STYLE = Automatic;
				INFOPLIST_FILE = "Fidget spinner final projectTests/Info.plist";
				IPHONEOS_DEPLOYMENT_TARGET = 14.0;
				LD_RUNPATH_SEARCH_PATHS = (
					"$(inherited)",
					"@executable_path/Frameworks",
					"@loader_path/Frameworks",
				);
				PRODUCT_BUNDLE_IDENTIFIER = "AEY.Fidget-spinner-final-projectTests";
				PRODUCT_NAME = "$(TARGET_NAME)";
				SWIFT_VERSION = 5.0;
				TARGETED_DEVICE_FAMILY = "1,2";
				TEST_HOST = "$(BUILT_PRODUCTS_DIR)/Fidget spinner final project.app/Fidget spinner final project";
			};
			name = Debug;
		};
		3F33AE81283548C600EFBEC0 /* Release */ = {
			isa = XCBuildConfiguration;
			buildSettings = {
				ALWAYS_EMBED_SWIFT_STANDARD_LIBRARIES = YES;
				BUNDLE_LOADER = "$(TEST_HOST)";
				CODE_SIGN_STYLE = Automatic;
				INFOPLIST_FILE = "Fidget spinner final projectTests/Info.plist";
				IPHONEOS_DEPLOYMENT_TARGET = 14.0;
				LD_RUNPATH_SEARCH_PATHS = (
					"$(inherited)",
					"@executable_path/Frameworks",
					"@loader_path/Frameworks",
				);
				PRODUCT_BUNDLE_IDENTIFIER = "AEY.Fidget-spinner-final-projectTests";
				PRODUCT_NAME = "$(TARGET_NAME)";
				SWIFT_VERSION = 5.0;
				TARGETED_DEVICE_FAMILY = "1,2";
				TEST_HOST = "$(BUILT_PRODUCTS_DIR)/Fidget spinner final project.app/Fidget spinner final project";
			};
			name = Release;
		};
		3F33AE83283548C600EFBEC0 /* Debug */ = {
			isa = XCBuildConfiguration;
			buildSettings = {
				ALWAYS_EMBED_SWIFT_STANDARD_LIBRARIES = YES;
				CODE_SIGN_STYLE = Automatic;
				INFOPLIST_FILE = "Fidget spinner final projectUITests/Info.plist";
				LD_RUNPATH_SEARCH_PATHS = (
					"$(inherited)",
					"@executable_path/Frameworks",
					"@loader_path/Frameworks",
				);
				PRODUCT_BUNDLE_IDENTIFIER = "AEY.Fidget-spinner-final-projectUITests";
				PRODUCT_NAME = "$(TARGET_NAME)";
				SWIFT_VERSION = 5.0;
				TARGETED_DEVICE_FAMILY = "1,2";
				TEST_TARGET_NAME = "Fidget spinner final project";
			};
			name = Debug;
		};
		3F33AE84283548C600EFBEC0 /* Release */ = {
			isa = XCBuildConfiguration;
			buildSettings = {
				ALWAYS_EMBED_SWIFT_STANDARD_LIBRARIES = YES;
				CODE_SIGN_STYLE = Automatic;
				INFOPLIST_FILE = "Fidget spinner final projectUITests/Info.plist";
				LD_RUNPATH_SEARCH_PATHS = (
					"$(inherited)",
					"@executable_path/Frameworks",
					"@loader_path/Frameworks",
				);
				PRODUCT_BUNDLE_IDENTIFIER = "AEY.Fidget-spinner-final-projectUITests";
				PRODUCT_NAME = "$(TARGET_NAME)";
				SWIFT_VERSION = 5.0;
				TARGETED_DEVICE_FAMILY = "1,2";
				TEST_TARGET_NAME = "Fidget spinner final project";
			};
			name = Release;
		};
/* End XCBuildConfiguration section */

/* Begin XCConfigurationList section */
		3F33AE52283548BD00EFBEC0 /* Build configuration list for PBXProject "Fidget spinner final project" */ = {
			isa = XCConfigurationList;
			buildConfigurations = (
				3F33AE7A283548C600EFBEC0 /* Debug */,
				3F33AE7B283548C600EFBEC0 /* Release */,
			);
			defaultConfigurationIsVisible = 0;
			defaultConfigurationName = Release;
		};
		3F33AE7C283548C600EFBEC0 /* Build configuration list for PBXNativeTarget "Fidget spinner final project" */ = {
			isa = XCConfigurationList;
			buildConfigurations = (
				3F33AE7D283548C600EFBEC0 /* Debug */,
				3F33AE7E283548C600EFBEC0 /* Release */,
			);
			defaultConfigurationIsVisible = 0;
			defaultConfigurationName = Release;
		};
		3F33AE7F283548C600EFBEC0 /* Build configuration list for PBXNativeTarget "Fidget spinner final projectTests" */ = {
			isa = XCConfigurationList;
			buildConfigurations = (
				3F33AE80283548C600EFBEC0 /* Debug */,
				3F33AE81283548C600EFBEC0 /* Release */,
			);
			defaultConfigurationIsVisible = 0;
			defaultConfigurationName = Release;
		};
		3F33AE82283548C600EFBEC0 /* Build configuration list for PBXNativeTarget "Fidget spinner final projectUITests" */ = {
			isa = XCConfigurationList;
			buildConfigurations = (
				3F33AE83283548C600EFBEC0 /* Debug */,
				3F33AE84283548C600EFBEC0 /* Release */,
			);
			defaultConfigurationIsVisible = 0;
			defaultConfigurationName = Release;
		};
/* End XCConfigurationList section */
	};
	rootObject = 3F33AE4F283548BD00EFBEC0 /* Project object */;
}
